{
  "name": "data-homicides",
  "version": "1.0.0",
  "lockfileVersion": 1,
  "requires": true,
  "dependencies": {
    "bluebird": {
      "version": "3.5.1",
      "resolved": "https://registry.npmjs.org/bluebird/-/bluebird-3.5.1.tgz",
      "integrity": "sha512-MKiLiV+I1AA596t9w1sQJ8jkiSr5+ZKi0WKrYGUn6d1Fx+Ij4tIj+m2WMQSGczs5jZVxV339chE8iwk6F64wjA==",
      "dev": true
    },
    "cps": {
      "version": "1.0.2",
      "resolved": "https://registry.npmjs.org/cps/-/cps-1.0.2.tgz",
      "integrity": "sha1-LNCyXYDxCQljfghWrZumNM4E/x0=",
      "dev": true
    },
    "csvtojson": {
      "version": "2.0.3",
      "resolved": "https://registry.npmjs.org/csvtojson/-/csvtojson-2.0.3.tgz",
      "integrity": "sha1-EzLoA2NFMN+4kaLzBN8SRHE8SVg=",
      "dev": true,
      "requires": {
        "bluebird": "3.5.1",
        "lodash": "4.17.10",
        "strip-bom": "2.0.0"
      }
    },
    "is-utf8": {
      "version": "0.2.1",
      "resolved": "https://registry.npmjs.org/is-utf8/-/is-utf8-0.2.1.tgz",
      "integrity": "sha1-Sw2hRCEE0bM2NA6AeX6GXPOffXI=",
      "dev": true
    },
    "json-pretty-print": {
      "version": "0.0.4",
      "resolved": "https://registry.npmjs.org/json-pretty-print/-/json-pretty-print-0.0.4.tgz",
      "integrity": "sha1-sKk5CpcO7in0pKrPZpHPm+R0/pE=",
      "dev": true,
      "requires": {
        "cps": "1.0.2"
      }
    },
    "json2yaml": {
      "version": "1.1.0",
      "resolved": "https://registry.npmjs.org/json2yaml/-/json2yaml-1.1.0.tgz",
      "integrity": "sha1-VBTZB/mBZYa4DFE+wuOusquBmmw=",
      "dev": true,
      "requires": {
        "remedial": "1.0.8"
      }
    },
    "lodash": {
      "version": "4.17.10",
      "resolved": "https://registry.npmjs.org/lodash/-/lodash-4.17.10.tgz",
      "integrity": "sha512-UejweD1pDoXu+AD825lWwp4ZGtSwgnpZxb3JDViD7StjQz+Nb/6l093lx4OQ0foGWNRoc19mWy7BzL+UAK2iVg==",
      "dev": true
    },
    "remedial": {
      "version": "1.0.8",
      "resolved": "https://registry.npmjs.org/remedial/-/remedial-1.0.8.tgz",
      "integrity": "sha512-/62tYiOe6DzS5BqVsNpH/nkGlX45C/Sp6V+NtiN6JQNS1Viay7cWkazmRkrQrdFj2eshDe96SIQNIoMxqhzBOg==",
      "dev": true
    },
    "strip-bom": {
      "version": "2.0.0",
      "resolved": "https://registry.npmjs.org/strip-bom/-/strip-bom-2.0.0.tgz",
      "integrity": "sha1-YhmoVhZSBJHzV4i9vxRHqZx+aw4=",
      "dev": true,
      "requires": {
        "is-utf8": "0.2.1"
      }
    }
  }
}
